
Microsoft Visual Studio Solution File, Format Version 12.00
# Visual Studio Version 17
VisualStudioVersion = 17.2.32516.85
MinimumVisualStudioVersion = 10.0.40219.1
Project("{FAE04EC0-301F-11D3-BF4B-00C04F79EFBC}") = "CometUI", "CometUI\CometUI.csproj", "{1DA77077-81AB-4478-9B25-EF2AA8EC0585}"
EndProject
Project("{FAE04EC0-301F-11D3-BF4B-00C04F79EFBC}") = "Comet-Demo-App", "Comet-Demo-App\Comet-Demo-App.csproj", "{76F63042-8F02-4676-887F-2581075203A1}"
EndProject
Global
	GlobalSection(SolutionConfigurationPlatforms) = preSolution
		Debug|Any CPU = Debug|Any CPU
		Release|Any CPU = Release|Any CPU
	EndGlobalSection
	GlobalSection(ProjectConfigurationPlatforms) = postSolution
		{1DA77077-81AB-4478-9B25-EF2AA8EC0585}.Debug|Any CPU.ActiveCfg = Debug|Any CPU
		{1DA77077-81AB-4478-9B25-EF2AA8EC0585}.Debug|Any CPU.Build.0 = Debug|Any CPU
		{1DA77077-81AB-4478-9B25-EF2AA8EC0585}.Release|Any CPU.ActiveCfg = Release|Any CPU
		{1DA77077-81AB-4478-9B25-EF2AA8EC0585}.Release|Any CPU.Build.0 = Release|Any CPU
		{76F63042-8F02-4676-887F-2581075203A1}.Debug|Any CPU.ActiveCfg = Debug|Any CPU
		{76F63042-8F02-4676-887F-2581075203A1}.Debug|Any CPU.Build.0 = Debug|Any CPU
		{76F63042-8F02-4676-887F-2581075203A1}.Release|Any CPU.ActiveCfg = Release|Any CPU
		{76F63042-8F02-4676-887F-2581075203A1}.Release|Any CPU.Build.0 = Release|Any CPU
	EndGlobalSection
	GlobalSection(SolutionProperties) = preSolution
		HideSolutionNode = FALSE
	EndGlobalSection
	GlobalSection(ExtensibilityGlobals) = postSolution
		SolutionGuid = {9C4993A3-C8B4-428C-BBE2-5E42E31FD263}
	EndGlobalSection
EndGlobal
